
Microsoft Visual Studio Solution File, Format Version 12.00
# Visual Studio 14
VisualStudioVersion = 14.0.24720.0
MinimumVisualStudioVersion = 10.0.40219.1
Project("{8BC9CEB8-8B4A-11D0-8D11-00A0C91BC942}") = "ActionOne", "GTestInAction\GTestInAction.vcxproj", "{E2BAD0E5-F3E7-4E5F-86FA-352528EE493B}"
EndProject
Project("{8BC9CEB8-8B4A-11D0-8D11-00A0C91BC942}") = "ActionTwo", "ActionTwo\ActionTwo.vcxproj", "{D2E9B8EA-B4DF-4820-B314-1BC5AB9AA515}"
EndProject
Project("{8BC9CEB8-8B4A-11D0-8D11-00A0C91BC942}") = "ActionThree", "ActionThree\ActionThree.vcxproj", "{7599AC1A-E2AE-40FA-BB24-7EA9F4BB5336}"
EndProject
Project("{8BC9CEB8-8B4A-11D0-8D11-00A0C91BC942}") = "SampleDynamicLibrary", "SampleDynamicLibrary\SampleDynamicLibrary.vcxproj", "{A93AE7DF-8355-4F65-B833-CD915907844F}"
EndProject
Project("{8BC9CEB8-8B4A-11D0-8D11-00A0C91BC942}") = "ActionFour", "ActionFour\ActionFour.vcxproj", "{C3BB17FC-C91F-4663-B6D1-8BC61678F84D}"
EndProject
Global
	GlobalSection(SolutionConfigurationPlatforms) = preSolution
		Debug|x64 = Debug|x64
		Debug|x86 = Debug|x86
		Release|x64 = Release|x64
		Release|x86 = Release|x86
	EndGlobalSection
	GlobalSection(ProjectConfigurationPlatforms) = postSolution
		{E2BAD0E5-F3E7-4E5F-86FA-352528EE493B}.Debug|x64.ActiveCfg = Debug|x64
		{E2BAD0E5-F3E7-4E5F-86FA-352528EE493B}.Debug|x64.Build.0 = Debug|x64
		{E2BAD0E5-F3E7-4E5F-86FA-352528EE493B}.Debug|x86.ActiveCfg = Debug|Win32
		{E2BAD0E5-F3E7-4E5F-86FA-352528EE493B}.Debug|x86.Build.0 = Debug|Win32
		{E2BAD0E5-F3E7-4E5F-86FA-352528EE493B}.Release|x64.ActiveCfg = Release|x64
		{E2BAD0E5-F3E7-4E5F-86FA-352528EE493B}.Release|x64.Build.0 = Release|x64
		{E2BAD0E5-F3E7-4E5F-86FA-352528EE493B}.Release|x86.ActiveCfg = Release|Win32
		{E2BAD0E5-F3E7-4E5F-86FA-352528EE493B}.Release|x86.Build.0 = Release|Win32
		{D2E9B8EA-B4DF-4820-B314-1BC5AB9AA515}.Debug|x64.ActiveCfg = Debug|x64
		{D2E9B8EA-B4DF-4820-B314-1BC5AB9AA515}.Debug|x64.Build.0 = Debug|x64
		{D2E9B8EA-B4DF-4820-B314-1BC5AB9AA515}.Debug|x86.ActiveCfg = Debug|Win32
		{D2E9B8EA-B4DF-4820-B314-1BC5AB9AA515}.Debug|x86.Build.0 = Debug|Win32
		{D2E9B8EA-B4DF-4820-B314-1BC5AB9AA515}.Release|x64.ActiveCfg = Release|x64
		{D2E9B8EA-B4DF-4820-B314-1BC5AB9AA515}.Release|x64.Build.0 = Release|x64
		{D2E9B8EA-B4DF-4820-B314-1BC5AB9AA515}.Release|x86.ActiveCfg = Release|Win32
		{D2E9B8EA-B4DF-4820-B314-1BC5AB9AA515}.Release|x86.Build.0 = Release|Win32
		{7599AC1A-E2AE-40FA-BB24-7EA9F4BB5336}.Debug|x64.ActiveCfg = Debug|x64
		{7599AC1A-E2AE-40FA-BB24-7EA9F4BB5336}.Debug|x64.Build.0 = Debug|x64
		{7599AC1A-E2AE-40FA-BB24-7EA9F4BB5336}.Debug|x86.ActiveCfg = Debug|Win32
		{7599AC1A-E2AE-40FA-BB24-7EA9F4BB5336}.Debug|x86.Build.0 = Debug|Win32
		{7599AC1A-E2AE-40FA-BB24-7EA9F4BB5336}.Release|x64.ActiveCfg = Release|x64
		{7599AC1A-E2AE-40FA-BB24-7EA9F4BB5336}.Release|x64.Build.0 = Release|x64
		{7599AC1A-E2AE-40FA-BB24-7EA9F4BB5336}.Release|x86.ActiveCfg = Release|Win32
		{7599AC1A-E2AE-40FA-BB24-7EA9F4BB5336}.Release|x86.Build.0 = Release|Win32
		{A93AE7DF-8355-4F65-B833-CD915907844F}.Debug|x64.ActiveCfg = Debug|x64
		{A93AE7DF-8355-4F65-B833-CD915907844F}.Debug|x64.Build.0 = Debug|x64
		{A93AE7DF-8355-4F65-B833-CD915907844F}.Debug|x86.ActiveCfg = Debug|Win32
		{A93AE7DF-8355-4F65-B833-CD915907844F}.Debug|x86.Build.0 = Debug|Win32
		{A93AE7DF-8355-4F65-B833-CD915907844F}.Release|x64.ActiveCfg = Release|x64
		{A93AE7DF-8355-4F65-B833-CD915907844F}.Release|x64.Build.0 = Release|x64
		{A93AE7DF-8355-4F65-B833-CD915907844F}.Release|x86.ActiveCfg = Release|Win32
		{A93AE7DF-8355-4F65-B833-CD915907844F}.Release|x86.Build.0 = Release|Win32
		{C3BB17FC-C91F-4663-B6D1-8BC61678F84D}.Debug|x64.ActiveCfg = Debug|x64
		{C3BB17FC-C91F-4663-B6D1-8BC61678F84D}.Debug|x64.Build.0 = Debug|x64
		{C3BB17FC-C91F-4663-B6D1-8BC61678F84D}.Debug|x86.ActiveCfg = Debug|Win32
		{C3BB17FC-C91F-4663-B6D1-8BC61678F84D}.Debug|x86.Build.0 = Debug|Win32
		{C3BB17FC-C91F-4663-B6D1-8BC61678F84D}.Release|x64.ActiveCfg = Release|x64
		{C3BB17FC-C91F-4663-B6D1-8BC61678F84D}.Release|x64.Build.0 = Release|x64
		{C3BB17FC-C91F-4663-B6D1-8BC61678F84D}.Release|x86.ActiveCfg = Release|Win32
		{C3BB17FC-C91F-4663-B6D1-8BC61678F84D}.Release|x86.Build.0 = Release|Win32
	EndGlobalSection
	GlobalSection(SolutionProperties) = preSolution
		HideSolutionNode = FALSE
	EndGlobalSection
EndGlobal
